
Microsoft Visual Studio Solution File, Format Version 12.00
# Visual Studio 15
VisualStudioVersion = 15.0.27004.2009
MinimumVisualStudioVersion = 10.0.40219.1
Project("{FAE04EC0-301F-11D3-BF4B-00C04F79EFBC}") = "PruebaAnimales", "PruebaAnimales\PruebaAnimales.csproj", "{5E889F02-CB37-4F74-973A-DC3113025FCA}"
EndProject
Global
	GlobalSection(SolutionConfigurationPlatforms) = preSolution
		Debug|Any CPU = Debug|Any CPU
		Release|Any CPU = Release|Any CPU
	EndGlobalSection
	GlobalSection(ProjectConfigurationPlatforms) = postSolution
		{5E889F02-CB37-4F74-973A-DC3113025FCA}.Debug|Any CPU.ActiveCfg = Debug|Any CPU
		{5E889F02-CB37-4F74-973A-DC3113025FCA}.Debug|Any CPU.Build.0 = Debug|Any CPU
		{5E889F02-CB37-4F74-973A-DC3113025FCA}.Release|Any CPU.ActiveCfg = Release|Any CPU
		{5E889F02-CB37-4F74-973A-DC3113025FCA}.Release|Any CPU.Build.0 = Release|Any CPU
	EndGlobalSection
	GlobalSection(SolutionProperties) = preSolution
		HideSolutionNode = FALSE
	EndGlobalSection
	GlobalSection(ExtensibilityGlobals) = postSolution
		SolutionGuid = {B62165C4-49A9-4901-B698-87A1EEA336A2}
	EndGlobalSection
EndGlobal
